
Microsoft Visual Studio Solution File, Format Version 12.00
# Visual Studio Version 17
VisualStudioVersion = 17.0.31903.59
MinimumVisualStudioVersion = 10.0.40219.1
Project("{FAE04EC0-301F-11D3-BF4B-00C04F79EFBC}") = "VssBackup", "VssBackup\VssBackup.csproj", "{49D45D78-EEEB-49F4-9201-B8DEF11B37DA}"
EndProject
Project("{FAE04EC0-301F-11D3-BF4B-00C04F79EFBC}") = "VssRestore", "VssRestore\VssRestore.csproj", "{3153DDB4-30E6-4EBF-B6A6-4C6EA938A562}"
EndProject
Global
	GlobalSection(SolutionConfigurationPlatforms) = preSolution
		Debug|Any CPU = Debug|Any CPU
		Release|Any CPU = Release|Any CPU
	EndGlobalSection
	GlobalSection(SolutionProperties) = preSolution
		HideSolutionNode = FALSE
	EndGlobalSection
	GlobalSection(ProjectConfigurationPlatforms) = postSolution
		{49D45D78-EEEB-49F4-9201-B8DEF11B37DA}.Debug|Any CPU.ActiveCfg = Debug|Any CPU
		{49D45D78-EEEB-49F4-9201-B8DEF11B37DA}.Debug|Any CPU.Build.0 = Debug|Any CPU
		{49D45D78-EEEB-49F4-9201-B8DEF11B37DA}.Release|Any CPU.ActiveCfg = Release|Any CPU
		{49D45D78-EEEB-49F4-9201-B8DEF11B37DA}.Release|Any CPU.Build.0 = Release|Any CPU
		{3153DDB4-30E6-4EBF-B6A6-4C6EA938A562}.Debug|Any CPU.ActiveCfg = Debug|Any CPU
		{3153DDB4-30E6-4EBF-B6A6-4C6EA938A562}.Debug|Any CPU.Build.0 = Debug|Any CPU
		{3153DDB4-30E6-4EBF-B6A6-4C6EA938A562}.Release|Any CPU.ActiveCfg = Release|Any CPU
		{3153DDB4-30E6-4EBF-B6A6-4C6EA938A562}.Release|Any CPU.Build.0 = Release|Any CPU
	EndGlobalSection
EndGlobal
